
Microsoft Visual Studio Solution File, Format Version 12.00
# Visual Studio Version 17
VisualStudioVersion = 17.7.34221.43
MinimumVisualStudioVersion = 10.0.40219.1
Project("{9A19103F-16F7-4668-BE54-9A1E7A4F7556}") = "DZ.8.11.2023", "DZ.8.11.2023\DZ.8.11.2023.csproj", "{38B7D5F8-140B-433D-8C72-111F8C788A3C}"
EndProject
Project("{9A19103F-16F7-4668-BE54-9A1E7A4F7556}") = "DZ.10.11.2023", "DZ.10.11.2023\DZ.10.11.2023.csproj", "{AC9D3A47-1FE1-41DF-819C-C010AAB1031A}"
EndProject
Project("{9A19103F-16F7-4668-BE54-9A1E7A4F7556}") = "13.11.2023", "13.11.2023\13.11.2023.csproj", "{A94DD9AD-55DB-4C9D-957F-FDB6E4416D9D}"
EndProject
Project("{FAE04EC0-301F-11D3-BF4B-00C04F79EFBC}") = "DZ.17.11.2023", "DZ.17.11.2023\DZ.17.11.2023.csproj", "{74811849-9EDA-400F-BCEA-D9E641D2EDE1}"
EndProject
Global
	GlobalSection(SolutionConfigurationPlatforms) = preSolution
		Debug|Any CPU = Debug|Any CPU
		Release|Any CPU = Release|Any CPU
	EndGlobalSection
	GlobalSection(ProjectConfigurationPlatforms) = postSolution
		{38B7D5F8-140B-433D-8C72-111F8C788A3C}.Debug|Any CPU.ActiveCfg = Debug|Any CPU
		{38B7D5F8-140B-433D-8C72-111F8C788A3C}.Debug|Any CPU.Build.0 = Debug|Any CPU
		{38B7D5F8-140B-433D-8C72-111F8C788A3C}.Release|Any CPU.ActiveCfg = Release|Any CPU
		{38B7D5F8-140B-433D-8C72-111F8C788A3C}.Release|Any CPU.Build.0 = Release|Any CPU
		{AC9D3A47-1FE1-41DF-819C-C010AAB1031A}.Debug|Any CPU.ActiveCfg = Debug|Any CPU
		{AC9D3A47-1FE1-41DF-819C-C010AAB1031A}.Debug|Any CPU.Build.0 = Debug|Any CPU
		{AC9D3A47-1FE1-41DF-819C-C010AAB1031A}.Release|Any CPU.ActiveCfg = Release|Any CPU
		{AC9D3A47-1FE1-41DF-819C-C010AAB1031A}.Release|Any CPU.Build.0 = Release|Any CPU
		{A94DD9AD-55DB-4C9D-957F-FDB6E4416D9D}.Debug|Any CPU.ActiveCfg = Debug|Any CPU
		{A94DD9AD-55DB-4C9D-957F-FDB6E4416D9D}.Debug|Any CPU.Build.0 = Debug|Any CPU
		{A94DD9AD-55DB-4C9D-957F-FDB6E4416D9D}.Release|Any CPU.ActiveCfg = Release|Any CPU
		{A94DD9AD-55DB-4C9D-957F-FDB6E4416D9D}.Release|Any CPU.Build.0 = Release|Any CPU
		{74811849-9EDA-400F-BCEA-D9E641D2EDE1}.Debug|Any CPU.ActiveCfg = Debug|Any CPU
		{74811849-9EDA-400F-BCEA-D9E641D2EDE1}.Debug|Any CPU.Build.0 = Debug|Any CPU
		{74811849-9EDA-400F-BCEA-D9E641D2EDE1}.Release|Any CPU.ActiveCfg = Release|Any CPU
		{74811849-9EDA-400F-BCEA-D9E641D2EDE1}.Release|Any CPU.Build.0 = Release|Any CPU
	EndGlobalSection
	GlobalSection(SolutionProperties) = preSolution
		HideSolutionNode = FALSE
	EndGlobalSection
	GlobalSection(ExtensibilityGlobals) = postSolution
		SolutionGuid = {525DC52D-A4FA-4C3E-9B0A-315AE5C909F7}
	EndGlobalSection
EndGlobal
